{
  "object": {
    "pins": [
      {
        "package": "Nimble",
        "repositoryURL": "https://github.com/Quick/Nimble.git",
        "state": {
          "branch": null,
          "revision": "f8657642dfdec9973efc79cc68bcef43a653a2bc",
          "version": "8.0.2"
        }
      },
      {
        "package": "Quick",
        "repositoryURL": "https://github.com/Quick/Quick.git",
        "state": {
          "branch": null,
          "revision": "94df9b449508344667e5afc7e80f8bcbff1e4c37",
          "version": "2.1.0"
        }
      },
      {
        "package": "SDL",
        "repositoryURL": "https://github.com/thara/SDL.git",
        "state": {
          "branch": "update_texture",
          "revision": "c1310c5a5eeaa34a7f6d52ebb2dfae7be4a32879",
          "version": null
        }
      }
    ]
  },
  "version": 1
}
