{
  "object": {
    "pins": [
      {
        "package": "SGLImage",
        "repositoryURL": "https://github.com/SwiftGL/Image.git",
        "state": {
          "branch": null,
          "revision": "7aa96e7548baa8d06619b97a1906012193f6eff8",
          "version": "2.2.0"
        }
      },
      {
        "package": "SGLMath",
        "repositoryURL": "https://github.com/SwiftGL/Math.git",
        "state": {
          "branch": null,
          "revision": "4712dfff4fac7c459a3f997cea1b5e6475f14641",
          "version": "2.2.0"
        }
      },
      {
        "package": "Nimble",
        "repositoryURL": "https://github.com/Quick/Nimble.git",
        "state": {
          "branch": null,
          "revision": "f8657642dfdec9973efc79cc68bcef43a653a2bc",
          "version": "8.0.2"
        }
      },
      {
        "package": "SGLOpenGL",
        "repositoryURL": "https://github.com/SwiftGL/OpenGL.git",
        "state": {
          "branch": null,
          "revision": "70b765437206a2b8b45c373bb70abbeb61004325",
          "version": "3.1.1"
        }
      },
      {
        "package": "Quick",
        "repositoryURL": "https://github.com/Quick/Quick.git",
        "state": {
          "branch": null,
          "revision": "94df9b449508344667e5afc7e80f8bcbff1e4c37",
          "version": "2.1.0"
        }
      }
    ]
  },
  "version": 1
}
