{
  "object": {
    "pins": [
      {
        "package": "Nimble",
        "repositoryURL": "https://github.com/Quick/Nimble.git",
        "state": {
          "branch": null,
          "revision": "f8657642dfdec9973efc79cc68bcef43a653a2bc",
          "version": "8.0.2"
        }
      },
      {
        "package": "Quick",
        "repositoryURL": "https://github.com/Quick/Quick.git",
        "state": {
          "branch": null,
          "revision": "94df9b449508344667e5afc7e80f8bcbff1e4c37",
          "version": "2.1.0"
        }
      },
      {
        "package": "SDL",
        "repositoryURL": "https://github.com/PureSwift/SDL.git",
        "state": {
          "branch": "master",
          "revision": "79e193ee7ad11b76f5863205f4e2892f9369eed3",
          "version": null
        }
      }
    ]
  },
  "version": 1
}
